Microsoft Visual Studio Solution File, Format Version 11.00
# Visual Studio 2008

Project("{76BCA1E7-597A-243E-C48B-4F09A1A28355}") = "TankAttack", "Assembly-CSharp-firstpass-vs.csproj", "{9A1BCD2A-4E84-4BDC-9827-A7B9FD0772DC}"
EndProject
Project("{76BCA1E7-597A-243E-C48B-4F09A1A28355}") = "TankAttack", "Assembly-CSharp-vs.csproj", "{3AFEF0C9-0BD4-0B6F-3419-0FCAF48AEC63}"
EndProject
Project("{76BCA1E7-597A-243E-C48B-4F09A1A28355}") = "TankAttack", "Assembly-CSharp-Editor-vs.csproj", "{25A2CC23-9747-1F46-EF9F-4EF11D1BC937}"
EndProject
Global
	GlobalSection(SolutionConfigurationPlatforms) = preSolution
		Debug|Any CPU = Debug|Any CPU
		Release|Any CPU = Release|Any CPU
	EndGlobalSection
	GlobalSection(ProjectConfigurationPlatforms) = postSolution
		{9A1BCD2A-4E84-4BDC-9827-A7B9FD0772DC}.Debug|Any CPU.ActiveCfg = Debug|Any CPU
		{9A1BCD2A-4E84-4BDC-9827-A7B9FD0772DC}.Debug|Any CPU.Build.0 = Debug|Any CPU
		{9A1BCD2A-4E84-4BDC-9827-A7B9FD0772DC}.Release|Any CPU.ActiveCfg = Release|Any CPU
		{9A1BCD2A-4E84-4BDC-9827-A7B9FD0772DC}.Release|Any CPU.Build.0 = Release|Any CPU
		{3AFEF0C9-0BD4-0B6F-3419-0FCAF48AEC63}.Debug|Any CPU.ActiveCfg = Debug|Any CPU
		{3AFEF0C9-0BD4-0B6F-3419-0FCAF48AEC63}.Debug|Any CPU.Build.0 = Debug|Any CPU
		{3AFEF0C9-0BD4-0B6F-3419-0FCAF48AEC63}.Release|Any CPU.ActiveCfg = Release|Any CPU
		{3AFEF0C9-0BD4-0B6F-3419-0FCAF48AEC63}.Release|Any CPU.Build.0 = Release|Any CPU
		{25A2CC23-9747-1F46-EF9F-4EF11D1BC937}.Debug|Any CPU.ActiveCfg = Debug|Any CPU
		{25A2CC23-9747-1F46-EF9F-4EF11D1BC937}.Debug|Any CPU.Build.0 = Debug|Any CPU
		{25A2CC23-9747-1F46-EF9F-4EF11D1BC937}.Release|Any CPU.ActiveCfg = Release|Any CPU
		{25A2CC23-9747-1F46-EF9F-4EF11D1BC937}.Release|Any CPU.Build.0 = Release|Any CPU
	EndGlobalSection
	GlobalSection(SolutionProperties) = preSolution
		HideSolutionNode = FALSE
	EndGlobalSection
																																															GlobalSection(MonoDevelopProperties) = preSolution
		StartupItem = Assembly-CSharp.csproj
		Policies = $0
		$0.TextStylePolicy = $1
		$1.inheritsSet = null
		$1.scope = text/x-csharp
		$0.CSharpFormattingPolicy = $2
		$2.inheritsSet = Mono
		$2.inheritsScope = text/x-csharp
		$2.scope = text/x-csharp
		$0.TextStylePolicy = $3
		$3.FileWidth = 120
		$3.TabWidth = 4
		$3.IndentWidth = 4
		$3.EolMarker = Unix
		$3.inheritsSet = Mono
		$3.inheritsScope = text/plain
		$3.scope = text/plain
	EndGlobalSection

EndGlobal
